
Microsoft Visual Studio Solution File, Format Version 12.00
# Visual Studio Version 16
VisualStudioVersion = 16.0.29509.3
MinimumVisualStudioVersion = 10.0.40219.1
Project("{FAE04EC0-301F-11D3-BF4B-00C04F79EFBC}") = "ProtoBufSample", "ProtoBufSample\ProtoBufSample.csproj", "{DD059304-D9FC-44A1-8035-A5F2895430EC}"
EndProject
Global
	GlobalSection(SolutionConfigurationPlatforms) = preSolution
		Debug|Any CPU = Debug|Any CPU
		Release|Any CPU = Release|Any CPU
	EndGlobalSection
	GlobalSection(ProjectConfigurationPlatforms) = postSolution
		{DD059304-D9FC-44A1-8035-A5F2895430EC}.Debug|Any CPU.ActiveCfg = Debug|Any CPU
		{DD059304-D9FC-44A1-8035-A5F2895430EC}.Debug|Any CPU.Build.0 = Debug|Any CPU
		{DD059304-D9FC-44A1-8035-A5F2895430EC}.Release|Any CPU.ActiveCfg = Release|Any CPU
		{DD059304-D9FC-44A1-8035-A5F2895430EC}.Release|Any CPU.Build.0 = Release|Any CPU
	EndGlobalSection
	GlobalSection(SolutionProperties) = preSolution
		HideSolutionNode = FALSE
	EndGlobalSection
	GlobalSection(ExtensibilityGlobals) = postSolution
		SolutionGuid = {65EBA6CE-CA98-410E-BF29-F5A57DD174D9}
	EndGlobalSection
EndGlobal
